// !$*UTF8*$!
{
	archiveVersion = 1;
	classes = {
	};
	objectVersion = 56;
	objects = {

/* Begin PBXBuildFile section */
		48C1479D2914322D003E9DCA /* AppDelegate.swift in Sources */ = {isa = PBXBuildFile; fileRef = 48C1479C2914322D003E9DCA /* AppDelegate.swift */; };
		48C1479F2914322D003E9DCA /* SceneDelegate.swift in Sources */ = {isa = PBXBuildFile; fileRef = 48C1479E2914322D003E9DCA /* SceneDelegate.swift */; };
		48C147A12914322D003E9DCA /* ArticleListViewController.swift in Sources */ = {isa = PBXBuildFile; fileRef = 48C147A02914322D003E9DCA /* ArticleListViewController.swift */; };
		48C147A42914322D003E9DCA /* Main.storyboard in Resources */ = {isa = PBXBuildFile; fileRef = 48C147A22914322D003E9DCA /* Main.storyboard */; };
		48C147A629143231003E9DCA /* Assets.xcassets in Resources */ = {isa = PBXBuildFile; fileRef = 48C147A529143231003E9DCA /* Assets.xcassets */; };
		48C147A929143231003E9DCA /* LaunchScreen.storyboard in Resources */ = {isa = PBXBuildFile; fileRef = 48C147A729143231003E9DCA /* LaunchScreen.storyboard */; };
		48C147B429143232003E9DCA /* NewsArticlesTests.swift in Sources */ = {isa = PBXBuildFile; fileRef = 48C147B329143232003E9DCA /* NewsArticlesTests.swift */; };
		48C147BE29143232003E9DCA /* NewsArticlesUITests.swift in Sources */ = {isa = PBXBuildFile; fileRef = 48C147BD29143232003E9DCA /* NewsArticlesUITests.swift */; };
		48C147C029143232003E9DCA /* NewsArticlesUITestsLaunchTests.swift in Sources */ = {isa = PBXBuildFile; fileRef = 48C147BF29143232003E9DCA /* NewsArticlesUITestsLaunchTests.swift */; };
		48C147D929152248003E9DCA /* Article.swift in Sources */ = {isa = PBXBuildFile; fileRef = 48C147D829152248003E9DCA /* Article.swift */; };
		48C147DB291524AD003E9DCA /* ViewControllerTests.swift in Sources */ = {isa = PBXBuildFile; fileRef = 48C147DA291524AD003E9DCA /* ViewControllerTests.swift */; };
		48C147E0291527AB003E9DCA /* ArticleListViewModel.swift in Sources */ = {isa = PBXBuildFile; fileRef = 48C147DF291527AB003E9DCA /* ArticleListViewModel.swift */; };
		48C147E329152940003E9DCA /* ArticleRepository.swift in Sources */ = {isa = PBXBuildFile; fileRef = 48C147E229152940003E9DCA /* ArticleRepository.swift */; };
		48C147E629152A20003E9DCA /* RESTServiceManager.swift in Sources */ = {isa = PBXBuildFile; fileRef = 48C147E529152A20003E9DCA /* RESTServiceManager.swift */; };
		48C147E829152A59003E9DCA /* DataRequestProtocol.swift in Sources */ = {isa = PBXBuildFile; fileRef = 48C147E729152A59003E9DCA /* DataRequestProtocol.swift */; };
		48C147EB29152F35003E9DCA /* APIManager.swift in Sources */ = {isa = PBXBuildFile; fileRef = 48C147EA29152F35003E9DCA /* APIManager.swift */; };
		48C147EE29153003003E9DCA /* Constants.swift in Sources */ = {isa = PBXBuildFile; fileRef = 48C147ED29153003003E9DCA /* Constants.swift */; };
		48C147F02915384D003E9DCA /* NetworkMonitor.swift in Sources */ = {isa = PBXBuildFile; fileRef = 48C147EF2915384D003E9DCA /* NetworkMonitor.swift */; };
		48C147F329153EBD003E9DCA /* MockData.swift in Sources */ = {isa = PBXBuildFile; fileRef = 48C147F229153EBD003E9DCA /* MockData.swift */; };
		48C147F5291546E4003E9DCA /* ArticleItemCell.xib in Resources */ = {isa = PBXBuildFile; fileRef = 48C147F4291546E4003E9DCA /* ArticleItemCell.xib */; };
		48C147F729154712003E9DCA /* ArticleItemCell.swift in Sources */ = {isa = PBXBuildFile; fileRef = 48C147F629154712003E9DCA /* ArticleItemCell.swift */; };
		48C147F929154A25003E9DCA /* UtilsUIKit.swift in Sources */ = {isa = PBXBuildFile; fileRef = 48C147F829154A25003E9DCA /* UtilsUIKit.swift */; };
		48C147FB29154E50003E9DCA /* ArticleDetailsViewController.swift in Sources */ = {isa = PBXBuildFile; fileRef = 48C147FA29154E50003E9DCA /* ArticleDetailsViewController.swift */; };
		48C147FD291551BF003E9DCA /* Utils.swift in Sources */ = {isa = PBXBuildFile; fileRef = 48C147FC291551BF003E9DCA /* Utils.swift */; };
		48C14800291555CF003E9DCA /* ImageLoader.swift in Sources */ = {isa = PBXBuildFile; fileRef = 48C147FF291555CF003E9DCA /* ImageLoader.swift */; };
		48C14803291556C2003E9DCA /* Nuke in Frameworks */ = {isa = PBXBuildFile; productRef = 48C14802291556C2003E9DCA /* Nuke */; };
		48C1480729156208003E9DCA /* Localizable.strings in Resources */ = {isa = PBXBuildFile; fileRef = 48C1480629156208003E9DCA /* Localizable.strings */; };
		48C1480B29156BDB003E9DCA /* MockArticlesResponse.json in Resources */ = {isa = PBXBuildFile; fileRef = 48C1480929156645003E9DCA /* MockArticlesResponse.json */; };
		48C1480C29156BDD003E9DCA /* MockArticlesResponse.json in Resources */ = {isa = PBXBuildFile; fileRef = 48C1480929156645003E9DCA /* MockArticlesResponse.json */; };
		48C1480D29156BE1003E9DCA /* EmptyArticleResponse.json in Resources */ = {isa = PBXBuildFile; fileRef = 48C1480A2915665A003E9DCA /* EmptyArticleResponse.json */; };
		48C1480E29156BE2003E9DCA /* EmptyArticleResponse.json in Resources */ = {isa = PBXBuildFile; fileRef = 48C1480A2915665A003E9DCA /* EmptyArticleResponse.json */; };
/* End PBXBuildFile section */

/* Begin PBXContainerItemProxy section */
		48C147B029143232003E9DCA /* PBXContainerItemProxy */ = {
			isa = PBXContainerItemProxy;
			containerPortal = 48C147912914322D003E9DCA /* Project object */;
			proxyType = 1;
			remoteGlobalIDString = 48C147982914322D003E9DCA;
			remoteInfo = "News Articles";
		};
		48C147BA29143232003E9DCA /* PBXContainerItemProxy */ = {
			isa = PBXContainerItemProxy;
			containerPortal = 48C147912914322D003E9DCA /* Project object */;
			proxyType = 1;
			remoteGlobalIDString = 48C147982914322D003E9DCA;
			remoteInfo = "News Articles";
		};
/* End PBXContainerItemProxy section */

/* Begin PBXFileReference section */
		48C147992914322D003E9DCA /* NewsArticles.app */ = {isa = PBXFileReference; explicitFileType = wrapper.application; includeInIndex = 0; path = NewsArticles.app; sourceTree = BUILT_PRODUCTS_DIR; };
		48C1479C2914322D003E9DCA /* AppDelegate.swift */ = {isa = PBXFileReference; lastKnownFileType = sourcecode.swift; path = AppDelegate.swift; sourceTree = "<group>"; };
		48C1479E2914322D003E9DCA /* SceneDelegate.swift */ = {isa = PBXFileReference; lastKnownFileType = sourcecode.swift; path = SceneDelegate.swift; sourceTree = "<group>"; };
		48C147A02914322D003E9DCA /* ArticleListViewController.swift */ = {isa = PBXFileReference; lastKnownFileType = sourcecode.swift; path = ArticleListViewController.swift; sourceTree = "<group>"; };
		48C147A32914322D003E9DCA /* Base */ = {isa = PBXFileReference; lastKnownFileType = file.storyboard; name = Base; path = Base.lproj/Main.storyboard; sourceTree = "<group>"; };
		48C147A529143231003E9DCA /* Assets.xcassets */ = {isa = PBXFileReference; lastKnownFileType = folder.assetcatalog; path = Assets.xcassets; sourceTree = "<group>"; };
		48C147A829143231003E9DCA /* Base */ = {isa = PBXFileReference; lastKnownFileType = file.storyboard; name = Base; path = Base.lproj/LaunchScreen.storyboard; sourceTree = "<group>"; };
		48C147AA29143231003E9DCA /* Info.plist */ = {isa = PBXFileReference; lastKnownFileType = text.plist.xml; path = Info.plist; sourceTree = "<group>"; };
		48C147AF29143232003E9DCA /* NewsArticlesTests.xctest */ = {isa = PBXFileReference; explicitFileType = wrapper.cfbundle; includeInIndex = 0; path = NewsArticlesTests.xctest; sourceTree = BUILT_PRODUCTS_DIR; };
		48C147B329143232003E9DCA /* NewsArticlesTests.swift */ = {isa = PBXFileReference; lastKnownFileType = sourcecode.swift; path = NewsArticlesTests.swift; sourceTree = "<group>"; };
		48C147B929143232003E9DCA /* NewsArticlesUITests.xctest */ = {isa = PBXFileReference; explicitFileType = wrapper.cfbundle; includeInIndex = 0; path = NewsArticlesUITests.xctest; sourceTree = BUILT_PRODUCTS_DIR; };
		48C147BD29143232003E9DCA /* NewsArticlesUITests.swift */ = {isa = PBXFileReference; lastKnownFileType = sourcecode.swift; path = NewsArticlesUITests.swift; sourceTree = "<group>"; };
		48C147BF29143232003E9DCA /* NewsArticlesUITestsLaunchTests.swift */ = {isa = PBXFileReference; lastKnownFileType = sourcecode.swift; path = NewsArticlesUITestsLaunchTests.swift; sourceTree = "<group>"; };
		48C147D829152248003E9DCA /* Article.swift */ = {isa = PBXFileReference; lastKnownFileType = sourcecode.swift; path = Article.swift; sourceTree = "<group>"; };
		48C147DA291524AD003E9DCA /* ViewControllerTests.swift */ = {isa = PBXFileReference; lastKnownFileType = sourcecode.swift; path = ViewControllerTests.swift; sourceTree = "<group>"; };
		48C147DF291527AB003E9DCA /* ArticleListViewModel.swift */ = {isa = PBXFileReference; lastKnownFileType = sourcecode.swift; path = ArticleListViewModel.swift; sourceTree = "<group>"; };
		48C147E229152940003E9DCA /* ArticleRepository.swift */ = {isa = PBXFileReference; lastKnownFileType = sourcecode.swift; path = ArticleRepository.swift; sourceTree = "<group>"; };
		48C147E529152A20003E9DCA /* RESTServiceManager.swift */ = {isa = PBXFileReference; lastKnownFileType = sourcecode.swift; path = RESTServiceManager.swift; sourceTree = "<group>"; };
		48C147E729152A59003E9DCA /* DataRequestProtocol.swift */ = {isa = PBXFileReference; lastKnownFileType = sourcecode.swift; path = DataRequestProtocol.swift; sourceTree = "<group>"; };
		48C147EA29152F35003E9DCA /* APIManager.swift */ = {isa = PBXFileReference; lastKnownFileType = sourcecode.swift; path = APIManager.swift; sourceTree = "<group>"; };
		48C147ED29153003003E9DCA /* Constants.swift */ = {isa = PBXFileReference; lastKnownFileType = sourcecode.swift; path = Constants.swift; sourceTree = "<group>"; };
		48C147EF2915384D003E9DCA /* NetworkMonitor.swift */ = {isa = PBXFileReference; lastKnownFileType = sourcecode.swift; path = NetworkMonitor.swift; sourceTree = "<group>"; };
		48C147F229153EBD003E9DCA /* MockData.swift */ = {isa = PBXFileReference; lastKnownFileType = sourcecode.swift; path = MockData.swift; sourceTree = "<group>"; };
		48C147F4291546E4003E9DCA /* ArticleItemCell.xib */ = {isa = PBXFileReference; lastKnownFileType = file.xib; path = ArticleItemCell.xib; sourceTree = "<group>"; };
		48C147F629154712003E9DCA /* ArticleItemCell.swift */ = {isa = PBXFileReference; lastKnownFileType = sourcecode.swift; path = ArticleItemCell.swift; sourceTree = "<group>"; };
		48C147F829154A25003E9DCA /* UtilsUIKit.swift */ = {isa = PBXFileReference; lastKnownFileType = sourcecode.swift; path = UtilsUIKit.swift; sourceTree = "<group>"; };
		48C147FA29154E50003E9DCA /* ArticleDetailsViewController.swift */ = {isa = PBXFileReference; lastKnownFileType = sourcecode.swift; path = ArticleDetailsViewController.swift; sourceTree = "<group>"; };
		48C147FC291551BF003E9DCA /* Utils.swift */ = {isa = PBXFileReference; lastKnownFileType = sourcecode.swift; path = Utils.swift; sourceTree = "<group>"; };
		48C147FF291555CF003E9DCA /* ImageLoader.swift */ = {isa = PBXFileReference; lastKnownFileType = sourcecode.swift; path = ImageLoader.swift; sourceTree = "<group>"; };
		48C1480629156208003E9DCA /* Localizable.strings */ = {isa = PBXFileReference; lastKnownFileType = text.plist.strings; path = Localizable.strings; sourceTree = "<group>"; };
		48C1480929156645003E9DCA /* MockArticlesResponse.json */ = {isa = PBXFileReference; lastKnownFileType = text.json; path = MockArticlesResponse.json; sourceTree = "<group>"; };
		48C1480A2915665A003E9DCA /* EmptyArticleResponse.json */ = {isa = PBXFileReference; lastKnownFileType = text.json; path = EmptyArticleResponse.json; sourceTree = "<group>"; };
		48C1480F29156F02003E9DCA /* MockInvalidData.json */ = {isa = PBXFileReference; lastKnownFileType = text.json; path = MockInvalidData.json; sourceTree = "<group>"; };
/* End PBXFileReference section */

/* Begin PBXFrameworksBuildPhase section */
		48C147962914322D003E9DCA /* Frameworks */ = {
			isa = PBXFrameworksBuildPhase;
			buildActionMask = 2147483647;
			files = (
				48C14803291556C2003E9DCA /* Nuke in Frameworks */,
			);
			runOnlyForDeploymentPostprocessing = 0;
		};
		48C147AC29143232003E9DCA /* Frameworks */ = {
			isa = PBXFrameworksBuildPhase;
			buildActionMask = 2147483647;
			files = (
			);
			runOnlyForDeploymentPostprocessing = 0;
		};
		48C147B629143232003E9DCA /* Frameworks */ = {
			isa = PBXFrameworksBuildPhase;
			buildActionMask = 2147483647;
			files = (
			);
			runOnlyForDeploymentPostprocessing = 0;
		};
/* End PBXFrameworksBuildPhase section */

/* Begin PBXGroup section */
		48C147902914322D003E9DCA = {
			isa = PBXGroup;
			children = (
				48C1480629156208003E9DCA /* Localizable.strings */,
				48C1479B2914322D003E9DCA /* NewsArticles */,
				48C147B229143232003E9DCA /* NewsArticlesTests */,
				48C147BC29143232003E9DCA /* NewsArticlesUITests */,
				48C1479A2914322D003E9DCA /* Products */,
			);
			sourceTree = "<group>";
		};
		48C1479A2914322D003E9DCA /* Products */ = {
			isa = PBXGroup;
			children = (
				48C147992914322D003E9DCA /* NewsArticles.app */,
				48C147AF29143232003E9DCA /* NewsArticlesTests.xctest */,
				48C147B929143232003E9DCA /* NewsArticlesUITests.xctest */,
			);
			name = Products;
			sourceTree = "<group>";
		};
		48C1479B2914322D003E9DCA /* NewsArticles */ = {
			isa = PBXGroup;
			children = (
				48C147DD29152755003E9DCA /* Module */,
				48C1479C2914322D003E9DCA /* AppDelegate.swift */,
				48C1479E2914322D003E9DCA /* SceneDelegate.swift */,
				48C147A22914322D003E9DCA /* Main.storyboard */,
				48C147A529143231003E9DCA /* Assets.xcassets */,
				48C147A729143231003E9DCA /* LaunchScreen.storyboard */,
				48C147AA29143231003E9DCA /* Info.plist */,
			);
			path = NewsArticles;
			sourceTree = "<group>";
		};
		48C147B229143232003E9DCA /* NewsArticlesTests */ = {
			isa = PBXGroup;
			children = (
				48C147B329143232003E9DCA /* NewsArticlesTests.swift */,
				48C147DA291524AD003E9DCA /* ViewControllerTests.swift */,
			);
			path = NewsArticlesTests;
			sourceTree = "<group>";
		};
		48C147BC29143232003E9DCA /* NewsArticlesUITests */ = {
			isa = PBXGroup;
			children = (
				48C147BD29143232003E9DCA /* NewsArticlesUITests.swift */,
				48C147BF29143232003E9DCA /* NewsArticlesUITestsLaunchTests.swift */,
			);
			path = NewsArticlesUITests;
			sourceTree = "<group>";
		};
		48C147D629152234003E9DCA /* View */ = {
			isa = PBXGroup;
			children = (
				48C147A02914322D003E9DCA /* ArticleListViewController.swift */,
				48C147F4291546E4003E9DCA /* ArticleItemCell.xib */,
				48C147F629154712003E9DCA /* ArticleItemCell.swift */,
				48C147FA29154E50003E9DCA /* ArticleDetailsViewController.swift */,
			);
			path = View;
			sourceTree = "<group>";
		};
		48C147D72915223B003E9DCA /* Model */ = {
			isa = PBXGroup;
			children = (
				48C147D829152248003E9DCA /* Article.swift */,
			);
			path = Model;
			sourceTree = "<group>";
		};
		48C147DC29152717003E9DCA /* ViewModel */ = {
			isa = PBXGroup;
			children = (
				48C147DF291527AB003E9DCA /* ArticleListViewModel.swift */,
			);
			path = ViewModel;
			sourceTree = "<group>";
		};
		48C147DD29152755003E9DCA /* Module */ = {
			isa = PBXGroup;
			children = (
				48C147F129153E9D003E9DCA /* Mock */,
				48C147EC29152FF3003E9DCA /* Utility */,
				48C147E929152F25003E9DCA /* APIManager */,
				48C147E429152A09003E9DCA /* Network */,
				48C147DE29152760003E9DCA /* Articles */,
			);
			path = Module;
			sourceTree = "<group>";
		};
		48C147DE29152760003E9DCA /* Articles */ = {
			isa = PBXGroup;
			children = (
				48C147E12915290A003E9DCA /* Repository */,
				48C147DC29152717003E9DCA /* ViewModel */,
				48C147D629152234003E9DCA /* View */,
				48C147D72915223B003E9DCA /* Model */,
			);
			path = Articles;
			sourceTree = "<group>";
		};
		48C147E12915290A003E9DCA /* Repository */ = {
			isa = PBXGroup;
			children = (
				48C147E229152940003E9DCA /* ArticleRepository.swift */,
				48C147E729152A59003E9DCA /* DataRequestProtocol.swift */,
			);
			path = Repository;
			sourceTree = "<group>";
		};
		48C147E429152A09003E9DCA /* Network */ = {
			isa = PBXGroup;
			children = (
				48C147E529152A20003E9DCA /* RESTServiceManager.swift */,
				48C147EF2915384D003E9DCA /* NetworkMonitor.swift */,
				48C147FF291555CF003E9DCA /* ImageLoader.swift */,
			);
			path = Network;
			sourceTree = "<group>";
		};
		48C147E929152F25003E9DCA /* APIManager */ = {
			isa = PBXGroup;
			children = (
				48C147EA29152F35003E9DCA /* APIManager.swift */,
			);
			path = APIManager;
			sourceTree = "<group>";
		};
		48C147EC29152FF3003E9DCA /* Utility */ = {
			isa = PBXGroup;
			children = (
				48C147ED29153003003E9DCA /* Constants.swift */,
				48C147F829154A25003E9DCA /* UtilsUIKit.swift */,
				48C147FC291551BF003E9DCA /* Utils.swift */,
			);
			path = Utility;
			sourceTree = "<group>";
		};
		48C147F129153E9D003E9DCA /* Mock */ = {
			isa = PBXGroup;
			children = (
				48C1480829156616003E9DCA /* Resouces */,
				48C147F229153EBD003E9DCA /* MockData.swift */,
			);
			path = Mock;
			sourceTree = "<group>";
		};
		48C1480829156616003E9DCA /* Resouces */ = {
			isa = PBXGroup;
			children = (
				48C1480929156645003E9DCA /* MockArticlesResponse.json */,
				48C1480A2915665A003E9DCA /* EmptyArticleResponse.json */,
				48C1480F29156F02003E9DCA /* MockInvalidData.json */,
			);
			path = Resouces;
			sourceTree = "<group>";
		};
/* End PBXGroup section */

/* Begin PBXNativeTarget section */
		48C147982914322D003E9DCA /* NewsArticles */ = {
			isa = PBXNativeTarget;
			buildConfigurationList = 48C147C329143232003E9DCA /* Build configuration list for PBXNativeTarget "NewsArticles" */;
			buildPhases = (
				48C147952914322D003E9DCA /* Sources */,
				48C147962914322D003E9DCA /* Frameworks */,
				48C147972914322D003E9DCA /* Resources */,
			);
			buildRules = (
			);
			dependencies = (
			);
			name = NewsArticles;
			packageProductDependencies = (
				48C14802291556C2003E9DCA /* Nuke */,
			);
			productName = "News Articles";
			productReference = 48C147992914322D003E9DCA /* NewsArticles.app */;
			productType = "com.apple.product-type.application";
		};
		48C147AE29143232003E9DCA /* NewsArticlesTests */ = {
			isa = PBXNativeTarget;
			buildConfigurationList = 48C147C629143232003E9DCA /* Build configuration list for PBXNativeTarget "NewsArticlesTests" */;
			buildPhases = (
				48C147AB29143232003E9DCA /* Sources */,
				48C147AC29143232003E9DCA /* Frameworks */,
				48C147AD29143232003E9DCA /* Resources */,
			);
			buildRules = (
			);
			dependencies = (
				48C147B129143232003E9DCA /* PBXTargetDependency */,
			);
			name = NewsArticlesTests;
			productName = "News ArticlesTests";
			productReference = 48C147AF29143232003E9DCA /* NewsArticlesTests.xctest */;
			productType = "com.apple.product-type.bundle.unit-test";
		};
		48C147B829143232003E9DCA /* NewsArticlesUITests */ = {
			isa = PBXNativeTarget;
			buildConfigurationList = 48C147C929143232003E9DCA /* Build configuration list for PBXNativeTarget "NewsArticlesUITests" */;
			buildPhases = (
				48C147B529143232003E9DCA /* Sources */,
				48C147B629143232003E9DCA /* Frameworks */,
				48C147B729143232003E9DCA /* Resources */,
			);
			buildRules = (
			);
			dependencies = (
				48C147BB29143232003E9DCA /* PBXTargetDependency */,
			);
			name = NewsArticlesUITests;
			productName = "News ArticlesUITests";
			productReference = 48C147B929143232003E9DCA /* NewsArticlesUITests.xctest */;
			productType = "com.apple.product-type.bundle.ui-testing";
		};
/* End PBXNativeTarget section */

/* Begin PBXProject section */
		48C147912914322D003E9DCA /* Project object */ = {
			isa = PBXProject;
			attributes = {
				BuildIndependentTargetsInParallel = 1;
				LastSwiftUpdateCheck = 1410;
				LastUpgradeCheck = 1410;
				TargetAttributes = {
					48C147982914322D003E9DCA = {
						CreatedOnToolsVersion = 14.1;
					};
					48C147AE29143232003E9DCA = {
						CreatedOnToolsVersion = 14.1;
						TestTargetID = 48C147982914322D003E9DCA;
					};
					48C147B829143232003E9DCA = {
						CreatedOnToolsVersion = 14.1;
						TestTargetID = 48C147982914322D003E9DCA;
					};
				};
			};
			buildConfigurationList = 48C147942914322D003E9DCA /* Build configuration list for PBXProject "NewsArticles" */;
			compatibilityVersion = "Xcode 14.0";
			developmentRegion = en;
			hasScannedForEncodings = 0;
			knownRegions = (
				en,
				Base,
			);
			mainGroup = 48C147902914322D003E9DCA;
			packageReferences = (
				48C14801291556C2003E9DCA /* XCRemoteSwiftPackageReference "Nuke" */,
			);
			productRefGroup = 48C1479A2914322D003E9DCA /* Products */;
			projectDirPath = "";
			projectRoot = "";
			targets = (
				48C147982914322D003E9DCA /* NewsArticles */,
				48C147AE29143232003E9DCA /* NewsArticlesTests */,
				48C147B829143232003E9DCA /* NewsArticlesUITests */,
			);
		};
/* End PBXProject section */

/* Begin PBXResourcesBuildPhase section */
		48C147972914322D003E9DCA /* Resources */ = {
			isa = PBXResourcesBuildPhase;
			buildActionMask = 2147483647;
			files = (
				48C1480D29156BE1003E9DCA /* EmptyArticleResponse.json in Resources */,
				48C1480729156208003E9DCA /* Localizable.strings in Resources */,
				48C1480C29156BDD003E9DCA /* MockArticlesResponse.json in Resources */,
				48C147A929143231003E9DCA /* LaunchScreen.storyboard in Resources */,
				48C147A629143231003E9DCA /* Assets.xcassets in Resources */,
				48C147A42914322D003E9DCA /* Main.storyboard in Resources */,
				48C147F5291546E4003E9DCA /* ArticleItemCell.xib in Resources */,
			);
			runOnlyForDeploymentPostprocessing = 0;
		};
		48C147AD29143232003E9DCA /* Resources */ = {
			isa = PBXResourcesBuildPhase;
			buildActionMask = 2147483647;
			files = (
				48C1480B29156BDB003E9DCA /* MockArticlesResponse.json in Resources */,
				48C1480E29156BE2003E9DCA /* EmptyArticleResponse.json in Resources */,
			);
			runOnlyForDeploymentPostprocessing = 0;
		};
		48C147B729143232003E9DCA /* Resources */ = {
			isa = PBXResourcesBuildPhase;
			buildActionMask = 2147483647;
			files = (
			);
			runOnlyForDeploymentPostprocessing = 0;
		};
/* End PBXResourcesBuildPhase section */

/* Begin PBXSourcesBuildPhase section */
		48C147952914322D003E9DCA /* Sources */ = {
			isa = PBXSourcesBuildPhase;
			buildActionMask = 2147483647;
			files = (
				48C147F02915384D003E9DCA /* NetworkMonitor.swift in Sources */,
				48C147F329153EBD003E9DCA /* MockData.swift in Sources */,
				48C147F929154A25003E9DCA /* UtilsUIKit.swift in Sources */,
				48C147F729154712003E9DCA /* ArticleItemCell.swift in Sources */,
				48C147D929152248003E9DCA /* Article.swift in Sources */,
				48C147E829152A59003E9DCA /* DataRequestProtocol.swift in Sources */,
				48C147A12914322D003E9DCA /* ArticleListViewController.swift in Sources */,
				48C147FD291551BF003E9DCA /* Utils.swift in Sources */,
				48C147EB29152F35003E9DCA /* APIManager.swift in Sources */,
				48C1479D2914322D003E9DCA /* AppDelegate.swift in Sources */,
				48C147EE29153003003E9DCA /* Constants.swift in Sources */,
				48C14800291555CF003E9DCA /* ImageLoader.swift in Sources */,
				48C1479F2914322D003E9DCA /* SceneDelegate.swift in Sources */,
				48C147E329152940003E9DCA /* ArticleRepository.swift in Sources */,
				48C147E0291527AB003E9DCA /* ArticleListViewModel.swift in Sources */,
				48C147E629152A20003E9DCA /* RESTServiceManager.swift in Sources */,
				48C147FB29154E50003E9DCA /* ArticleDetailsViewController.swift in Sources */,
			);
			runOnlyForDeploymentPostprocessing = 0;
		};
		48C147AB29143232003E9DCA /* Sources */ = {
			isa = PBXSourcesBuildPhase;
			buildActionMask = 2147483647;
			files = (
				48C147DB291524AD003E9DCA /* ViewControllerTests.swift in Sources */,
				48C147B429143232003E9DCA /* NewsArticlesTests.swift in Sources */,
			);
			runOnlyForDeploymentPostprocessing = 0;
		};
		48C147B529143232003E9DCA /* Sources */ = {
			isa = PBXSourcesBuildPhase;
			buildActionMask = 2147483647;
			files = (
				48C147C029143232003E9DCA /* NewsArticlesUITestsLaunchTests.swift in Sources */,
				48C147BE29143232003E9DCA /* NewsArticlesUITests.swift in Sources */,
			);
			runOnlyForDeploymentPostprocessing = 0;
		};
/* End PBXSourcesBuildPhase section */

/* Begin PBXTargetDependency section */
		48C147B129143232003E9DCA /* PBXTargetDependency */ = {
			isa = PBXTargetDependency;
			target = 48C147982914322D003E9DCA /* NewsArticles */;
			targetProxy = 48C147B029143232003E9DCA /* PBXContainerItemProxy */;
		};
		48C147BB29143232003E9DCA /* PBXTargetDependency */ = {
			isa = PBXTargetDependency;
			target = 48C147982914322D003E9DCA /* NewsArticles */;
			targetProxy = 48C147BA29143232003E9DCA /* PBXContainerItemProxy */;
		};
/* End PBXTargetDependency section */

/* Begin PBXVariantGroup section */
		48C147A22914322D003E9DCA /* Main.storyboard */ = {
			isa = PBXVariantGroup;
			children = (
				48C147A32914322D003E9DCA /* Base */,
			);
			name = Main.storyboard;
			sourceTree = "<group>";
		};
		48C147A729143231003E9DCA /* LaunchScreen.storyboard */ = {
			isa = PBXVariantGroup;
			children = (
				48C147A829143231003E9DCA /* Base */,
			);
			name = LaunchScreen.storyboard;
			sourceTree = "<group>";
		};
/* End PBXVariantGroup section */

/* Begin XCBuildConfiguration section */
		48C147C129143232003E9DCA /* Debug */ = {
			isa = XCBuildConfiguration;
			buildSettings = {
				ALWAYS_SEARCH_USER_PATHS = NO;
				CLANG_ANALYZER_NONNULL = YES;
				CLANG_ANALYZER_NUMBER_OBJECT_CONVERSION = YES_AGGRESSIVE;
				CLANG_CXX_LANGUAGE_STANDARD = "gnu++20";
				CLANG_ENABLE_MODULES = YES;
				CLANG_ENABLE_OBJC_ARC = YES;
				CLANG_ENABLE_OBJC_WEAK = YES;
				CLANG_WARN_BLOCK_CAPTURE_AUTORELEASING = YES;
				CLANG_WARN_BOOL_CONVERSION = YES;
				CLANG_WARN_COMMA = YES;
				CLANG_WARN_CONSTANT_CONVERSION = YES;
				CLANG_WARN_DEPRECATED_OBJC_IMPLEMENTATIONS = YES;
				CLANG_WARN_DIRECT_OBJC_ISA_USAGE = YES_ERROR;
				CLANG_WARN_DOCUMENTATION_COMMENTS = YES;
				CLANG_WARN_EMPTY_BODY = YES;
				CLANG_WARN_ENUM_CONVERSION = YES;
				CLANG_WARN_INFINITE_RECURSION = YES;
				CLANG_WARN_INT_CONVERSION = YES;
				CLANG_WARN_NON_LITERAL_NULL_CONVERSION = YES;
				CLANG_WARN_OBJC_IMPLICIT_RETAIN_SELF = YES;
				CLANG_WARN_OBJC_LITERAL_CONVERSION = YES;
				CLANG_WARN_OBJC_ROOT_CLASS = YES_ERROR;
				CLANG_WARN_QUOTED_INCLUDE_IN_FRAMEWORK_HEADER = YES;
				CLANG_WARN_RANGE_LOOP_ANALYSIS = YES;
				CLANG_WARN_STRICT_PROTOTYPES = YES;
				CLANG_WARN_SUSPICIOUS_MOVE = YES;
				CLANG_WARN_UNGUARDED_AVAILABILITY = YES_AGGRESSIVE;
				CLANG_WARN_UNREACHABLE_CODE = YES;
				CLANG_WARN__DUPLICATE_METHOD_MATCH = YES;
				COPY_PHASE_STRIP = NO;
				DEBUG_INFORMATION_FORMAT = dwarf;
				ENABLE_STRICT_OBJC_MSGSEND = YES;
				ENABLE_TESTABILITY = YES;
				GCC_C_LANGUAGE_STANDARD = gnu11;
				GCC_DYNAMIC_NO_PIC = NO;
				GCC_NO_COMMON_BLOCKS = YES;
				GCC_OPTIMIZATION_LEVEL = 0;
				GCC_PREPROCESSOR_DEFINITIONS = (
					"DEBUG=1",
					"$(inherited)",
				);
				GCC_WARN_64_TO_32_BIT_CONVERSION = YES;
				GCC_WARN_ABOUT_RETURN_TYPE = YES_ERROR;
				GCC_WARN_UNDECLARED_SELECTOR = YES;
				GCC_WARN_UNINITIALIZED_AUTOS = YES_AGGRESSIVE;
				GCC_WARN_UNUSED_FUNCTION = YES;
				GCC_WARN_UNUSED_VARIABLE = YES;
				IPHONEOS_DEPLOYMENT_TARGET = 16.1;
				MTL_ENABLE_DEBUG_INFO = INCLUDE_SOURCE;
				MTL_FAST_MATH = YES;
				ONLY_ACTIVE_ARCH = YES;
				SDKROOT = iphoneos;
				SWIFT_ACTIVE_COMPILATION_CONDITIONS = DEBUG;
				SWIFT_OPTIMIZATION_LEVEL = "-Onone";
			};
			name = Debug;
		};
		48C147C229143232003E9DCA /* Release */ = {
			isa = XCBuildConfiguration;
			buildSettings = {
				ALWAYS_SEARCH_USER_PATHS = NO;
				CLANG_ANALYZER_NONNULL = YES;
				CLANG_ANALYZER_NUMBER_OBJECT_CONVERSION = YES_AGGRESSIVE;
				CLANG_CXX_LANGUAGE_STANDARD = "gnu++20";
				CLANG_ENABLE_MODULES = YES;
				CLANG_ENABLE_OBJC_ARC = YES;
				CLANG_ENABLE_OBJC_WEAK = YES;
				CLANG_WARN_BLOCK_CAPTURE_AUTORELEASING = YES;
				CLANG_WARN_BOOL_CONVERSION = YES;
				CLANG_WARN_COMMA = YES;
				CLANG_WARN_CONSTANT_CONVERSION = YES;
				CLANG_WARN_DEPRECATED_OBJC_IMPLEMENTATIONS = YES;
				CLANG_WARN_DIRECT_OBJC_ISA_USAGE = YES_ERROR;
				CLANG_WARN_DOCUMENTATION_COMMENTS = YES;
				CLANG_WARN_EMPTY_BODY = YES;
				CLANG_WARN_ENUM_CONVERSION = YES;
				CLANG_WARN_INFINITE_RECURSION = YES;
				CLANG_WARN_INT_CONVERSION = YES;
				CLANG_WARN_NON_LITERAL_NULL_CONVERSION = YES;
				CLANG_WARN_OBJC_IMPLICIT_RETAIN_SELF = YES;
				CLANG_WARN_OBJC_LITERAL_CONVERSION = YES;
				CLANG_WARN_OBJC_ROOT_CLASS = YES_ERROR;
				CLANG_WARN_QUOTED_INCLUDE_IN_FRAMEWORK_HEADER = YES;
				CLANG_WARN_RANGE_LOOP_ANALYSIS = YES;
				CLANG_WARN_STRICT_PROTOTYPES = YES;
				CLANG_WARN_SUSPICIOUS_MOVE = YES;
				CLANG_WARN_UNGUARDED_AVAILABILITY = YES_AGGRESSIVE;
				CLANG_WARN_UNREACHABLE_CODE = YES;
				CLANG_WARN__DUPLICATE_METHOD_MATCH = YES;
				COPY_PHASE_STRIP = NO;
				DEBUG_INFORMATION_FORMAT = "dwarf-with-dsym";
				ENABLE_NS_ASSERTIONS = NO;
				ENABLE_STRICT_OBJC_MSGSEND = YES;
				GCC_C_LANGUAGE_STANDARD = gnu11;
				GCC_NO_COMMON_BLOCKS = YES;
				GCC_WARN_64_TO_32_BIT_CONVERSION = YES;
				GCC_WARN_ABOUT_RETURN_TYPE = YES_ERROR;
				GCC_WARN_UNDECLARED_SELECTOR = YES;
				GCC_WARN_UNINITIALIZED_AUTOS = YES_AGGRESSIVE;
				GCC_WARN_UNUSED_FUNCTION = YES;
				GCC_WARN_UNUSED_VARIABLE = YES;
				IPHONEOS_DEPLOYMENT_TARGET = 16.1;
				MTL_ENABLE_DEBUG_INFO = NO;
				MTL_FAST_MATH = YES;
				SDKROOT = iphoneos;
				SWIFT_COMPILATION_MODE = wholemodule;
				SWIFT_OPTIMIZATION_LEVEL = "-O";
				VALIDATE_PRODUCT = YES;
			};
			name = Release;
		};
		48C147C429143232003E9DCA /* Debug */ = {
			isa = XCBuildConfiguration;
			buildSettings = {
				ASSETCATALOG_COMPILER_APPICON_NAME = AppIcon;
				ASSETCATALOG_COMPILER_GLOBAL_ACCENT_COLOR_NAME = AccentColor;
				CODE_SIGN_STYLE = Automatic;
				CURRENT_PROJECT_VERSION = 1;
				DEVELOPMENT_TEAM = 42W94L6N3V;
				GENERATE_INFOPLIST_FILE = YES;
				INFOPLIST_FILE = NewsArticles/Info.plist;
				INFOPLIST_KEY_UIApplicationSupportsIndirectInputEvents = YES;
				INFOPLIST_KEY_UILaunchStoryboardName = LaunchScreen;
				INFOPLIST_KEY_UIMainStoryboardFile = Main;
				INFOPLIST_KEY_UISupportedInterfaceOrientations_iPad = "UIInterfaceOrientationPortrait UIInterfaceOrientationPortraitUpsideDown UIInterfaceOrientationLandscapeLeft UIInterfaceOrientationLandscapeRight";
				INFOPLIST_KEY_UISupportedInterfaceOrientations_iPhone = "UIInterfaceOrientationPortrait UIInterfaceOrientationLandscapeLeft UIInterfaceOrientationLandscapeRight";
				LD_RUNPATH_SEARCH_PATHS = (
					"$(inherited)",
					"@executable_path/Frameworks",
				);
				MARKETING_VERSION = 1.0;
				PRODUCT_BUNDLE_IDENTIFIER = "com.kata.News-Articles";
				PRODUCT_NAME = "$(TARGET_NAME)";
				SWIFT_EMIT_LOC_STRINGS = YES;
				SWIFT_VERSION = 5.0;
				TARGETED_DEVICE_FAMILY = "1,2";
			};
			name = Debug;
		};
		48C147C529143232003E9DCA /* Release */ = {
			isa = XCBuildConfiguration;
			buildSettings = {
				ASSETCATALOG_COMPILER_APPICON_NAME = AppIcon;
				ASSETCATALOG_COMPILER_GLOBAL_ACCENT_COLOR_NAME = AccentColor;
				CODE_SIGN_STYLE = Automatic;
				CURRENT_PROJECT_VERSION = 1;
				DEVELOPMENT_TEAM = 42W94L6N3V;
				GENERATE_INFOPLIST_FILE = YES;
				INFOPLIST_FILE = NewsArticles/Info.plist;
				INFOPLIST_KEY_UIApplicationSupportsIndirectInputEvents = YES;
				INFOPLIST_KEY_UILaunchStoryboardName = LaunchScreen;
				INFOPLIST_KEY_UIMainStoryboardFile = Main;
				INFOPLIST_KEY_UISupportedInterfaceOrientations_iPad = "UIInterfaceOrientationPortrait UIInterfaceOrientationPortraitUpsideDown UIInterfaceOrientationLandscapeLeft UIInterfaceOrientationLandscapeRight";
				INFOPLIST_KEY_UISupportedInterfaceOrientations_iPhone = "UIInterfaceOrientationPortrait UIInterfaceOrientationLandscapeLeft UIInterfaceOrientationLandscapeRight";
				LD_RUNPATH_SEARCH_PATHS = (
					"$(inherited)",
					"@executable_path/Frameworks",
				);
				MARKETING_VERSION = 1.0;
				PRODUCT_BUNDLE_IDENTIFIER = "com.kata.News-Articles";
				PRODUCT_NAME = "$(TARGET_NAME)";
				SWIFT_EMIT_LOC_STRINGS = YES;
				SWIFT_VERSION = 5.0;
				TARGETED_DEVICE_FAMILY = "1,2";
			};
			name = Release;
		};
		48C147C729143232003E9DCA /* Debug */ = {
			isa = XCBuildConfiguration;
			buildSettings = {
				ALWAYS_EMBED_SWIFT_STANDARD_LIBRARIES = YES;
				BUNDLE_LOADER = "$(TEST_HOST)";
				CODE_SIGN_STYLE = Automatic;
				CURRENT_PROJECT_VERSION = 1;
				DEVELOPMENT_TEAM = 42W94L6N3V;
				GENERATE_INFOPLIST_FILE = YES;
				IPHONEOS_DEPLOYMENT_TARGET = 16.1;
				MARKETING_VERSION = 1.0;
				PRODUCT_BUNDLE_IDENTIFIER = "com.kata.News-ArticlesTests";
				PRODUCT_NAME = "$(TARGET_NAME)";
				SWIFT_EMIT_LOC_STRINGS = NO;
				SWIFT_VERSION = 5.0;
				TARGETED_DEVICE_FAMILY = "1,2";
				TEST_HOST = "$(BUILT_PRODUCTS_DIR)/NewsArticles.app/$(BUNDLE_EXECUTABLE_FOLDER_PATH)/NewsArticles";
			};
			name = Debug;
		};
		48C147C829143232003E9DCA /* Release */ = {
			isa = XCBuildConfiguration;
			buildSettings = {
				ALWAYS_EMBED_SWIFT_STANDARD_LIBRARIES = YES;
				BUNDLE_LOADER = "$(TEST_HOST)";
				CODE_SIGN_STYLE = Automatic;
				CURRENT_PROJECT_VERSION = 1;
				DEVELOPMENT_TEAM = 42W94L6N3V;
				GENERATE_INFOPLIST_FILE = YES;
				IPHONEOS_DEPLOYMENT_TARGET = 16.1;
				MARKETING_VERSION = 1.0;
				PRODUCT_BUNDLE_IDENTIFIER = "com.kata.News-ArticlesTests";
				PRODUCT_NAME = "$(TARGET_NAME)";
				SWIFT_EMIT_LOC_STRINGS = NO;
				SWIFT_VERSION = 5.0;
				TARGETED_DEVICE_FAMILY = "1,2";
				TEST_HOST = "$(BUILT_PRODUCTS_DIR)/NewsArticles.app/$(BUNDLE_EXECUTABLE_FOLDER_PATH)/NewsArticles";
			};
			name = Release;
		};
		48C147CA29143232003E9DCA /* Debug */ = {
			isa = XCBuildConfiguration;
			buildSettings = {
				ALWAYS_EMBED_SWIFT_STANDARD_LIBRARIES = YES;
				CODE_SIGN_STYLE = Automatic;
				CURRENT_PROJECT_VERSION = 1;
				DEVELOPMENT_TEAM = 42W94L6N3V;
				GENERATE_INFOPLIST_FILE = YES;
				MARKETING_VERSION = 1.0;
				PRODUCT_BUNDLE_IDENTIFIER = "com.kata.News-ArticlesUITests";
				PRODUCT_NAME = "$(TARGET_NAME)";
				SWIFT_EMIT_LOC_STRINGS = NO;
				SWIFT_VERSION = 5.0;
				TARGETED_DEVICE_FAMILY = "1,2";
				TEST_TARGET_NAME = "News Articles";
			};
			name = Debug;
		};
		48C147CB29143232003E9DCA /* Release */ = {
			isa = XCBuildConfiguration;
			buildSettings = {
				ALWAYS_EMBED_SWIFT_STANDARD_LIBRARIES = YES;
				CODE_SIGN_STYLE = Automatic;
				CURRENT_PROJECT_VERSION = 1;
				DEVELOPMENT_TEAM = 42W94L6N3V;
				GENERATE_INFOPLIST_FILE = YES;
				MARKETING_VERSION = 1.0;
				PRODUCT_BUNDLE_IDENTIFIER = "com.kata.News-ArticlesUITests";
				PRODUCT_NAME = "$(TARGET_NAME)";
				SWIFT_EMIT_LOC_STRINGS = NO;
				SWIFT_VERSION = 5.0;
				TARGETED_DEVICE_FAMILY = "1,2";
				TEST_TARGET_NAME = "News Articles";
			};
			name = Release;
		};
/* End XCBuildConfiguration section */

/* Begin XCConfigurationList section */
		48C147942914322D003E9DCA /* Build configuration list for PBXProject "NewsArticles" */ = {
			isa = XCConfigurationList;
			buildConfigurations = (
				48C147C129143232003E9DCA /* Debug */,
				48C147C229143232003E9DCA /* Release */,
			);
			defaultConfigurationIsVisible = 0;
			defaultConfigurationName = Release;
		};
		48C147C329143232003E9DCA /* Build configuration list for PBXNativeTarget "NewsArticles" */ = {
			isa = XCConfigurationList;
			buildConfigurations = (
				48C147C429143232003E9DCA /* Debug */,
				48C147C529143232003E9DCA /* Release */,
			);
			defaultConfigurationIsVisible = 0;
			defaultConfigurationName = Release;
		};
		48C147C629143232003E9DCA /* Build configuration list for PBXNativeTarget "NewsArticlesTests" */ = {
			isa = XCConfigurationList;
			buildConfigurations = (
				48C147C729143232003E9DCA /* Debug */,
				48C147C829143232003E9DCA /* Release */,
			);
			defaultConfigurationIsVisible = 0;
			defaultConfigurationName = Release;
		};
		48C147C929143232003E9DCA /* Build configuration list for PBXNativeTarget "NewsArticlesUITests" */ = {
			isa = XCConfigurationList;
			buildConfigurations = (
				48C147CA29143232003E9DCA /* Debug */,
				48C147CB29143232003E9DCA /* Release */,
			);
			defaultConfigurationIsVisible = 0;
			defaultConfigurationName = Release;
		};
/* End XCConfigurationList section */

/* Begin XCRemoteSwiftPackageReference section */
		48C14801291556C2003E9DCA /* XCRemoteSwiftPackageReference "Nuke" */ = {
			isa = XCRemoteSwiftPackageReference;
			repositoryURL = "https://github.com/kean/Nuke.git";
			requirement = {
				kind = upToNextMajorVersion;
				minimumVersion = 9.0.0;
			};
		};
/* End XCRemoteSwiftPackageReference section */

/* Begin XCSwiftPackageProductDependency section */
		48C14802291556C2003E9DCA /* Nuke */ = {
			isa = XCSwiftPackageProductDependency;
			package = 48C14801291556C2003E9DCA /* XCRemoteSwiftPackageReference "Nuke" */;
			productName = Nuke;
		};
/* End XCSwiftPackageProductDependency section */
	};
	rootObject = 48C147912914322D003E9DCA /* Project object */;
}
